{
  "requires": true,
  "lockfileVersion": 1,
  "dependencies": {
    "bls-signatures": {
      "version": "0.1.9",
      "resolved": "https://registry.npmjs.org/bls-signatures/-/bls-signatures-0.1.9.tgz",
      "integrity": "sha512-twdrLsN6WVjy5hjB6KQ0sUjTQxPRvo5PynGk0NAjTB3sbWRUs8KAA1pWa7ArSRTWSN1DoH81W4XRxPX/maB/rw=="
    }
  }
}
